<?xml version="1.0" encoding="utf-8"?>
<Project ToolsVersion="4.0" xmlns="http://schemas.microsoft.com/developer/msbuild/2003">
  <ItemGroup>
    <Filter Include="源文件\core">
      <UniqueIdentifier>{D2D76FD1-13C5-43BC-8760-EF273A56948C}</UniqueIdentifier>
    </Filter>
    <Filter Include="源文件\platform">
      <UniqueIdentifier>{07A2663E-F5BA-4773-97BC-5B8DFA439FF8}</UniqueIdentifier>
    </Filter>
    <Filter Include="头文件\core">
      <UniqueIdentifier>{AD61BE0A-6389-45B0-B70A-82EA661BA8B8}</UniqueIdentifier>
    </Filter>
    <Filter Include="头文件\platform">
      <UniqueIdentifier>{4326D66D-0B12-48B2-8C80-8F3F2B9D4B6C}</UniqueIdentifier>
    </Filter>
    <Filter Include="源文件">
      <UniqueIdentifier>{4FC737F1-C7A5-4376-A066-2A32D752A2FF}</UniqueIdentifier>
      <Extensions>cpp;c;cc;cxx;c++;cppm;ixx;def;odl;idl;hpj;bat;asm;asmx</Extensions>
    </Filter>
    <Filter Include="头文件">
      <UniqueIdentifier>{93995380-89BD-4b04-88EB-625FBE52EBFB}</UniqueIdentifier>
      <Extensions>h;hh;hpp;hxx;h++;hm;inl;inc;ipp;xsd</Extensions>
    </Filter>
    <Filter Include="资源文件">
      <UniqueIdentifier>{67DA6AB6-F800-4c08-8B7A-83BB121AAD01}</UniqueIdentifier>
      <Extensions>rc;ico;cur;bmp;dlg;rc2;rct;bin;rgs;gif;jpg;jpeg;jpe;resx;tiff;tif;png;wav;mfcribbon-ms</Extensions>
    </Filter>
  </ItemGroup>
  <ItemGroup>
    <ClCompile Include="core\PathService.cpp">
      <Filter>源文件\core</Filter>
    </ClCompile>
    <ClCompile Include="core\Rule.cpp">
      <Filter>源文件\core</Filter>
    </ClCompile>
    <ClCompile Include="core\Storage.cpp">
      <Filter>源文件\core</Filter>
    </ClCompile>
    <ClCompile Include="platform\AutoStartService.cpp">
      <Filter>源文件\platform</Filter>
    </ClCompile>
    <ClCompile Include="Resty.cpp">
      <Filter>源文件</Filter>
    </ClCompile>
  </ItemGroup>
  <ItemGroup>
    <ClInclude Include="core\PathService.h">
      <Filter>头文件\core</Filter>
    </ClInclude>
    <ClInclude Include="core\Rule.h">
      <Filter>头文件\core</Filter>
    </ClInclude>
    <ClInclude Include="core\Storage.h">
      <Filter>头文件\core</Filter>
    </ClInclude>
    <ClInclude Include="platform\AutoStartService.h">
      <Filter>头文件\platform</Filter>
    </ClInclude>
  </ItemGroup>
</Project>